// !$*UTF8*$!
{
	archiveVersion = 1;
	classes = {
	};
	objectVersion = 56;
	objects = {

/* Begin PBXBuildFile section */
		02CE14272967415300D49551 /* MovieInfoApp.swift in Sources */ = {isa = PBXBuildFile; fileRef = 02CE14262967415300D49551 /* MovieInfoApp.swift */; };
		02CE14292967415300D49551 /* ContentView.swift in Sources */ = {isa = PBXBuildFile; fileRef = 02CE14282967415300D49551 /* ContentView.swift */; };
		02CE142B2967415400D49551 /* Assets.xcassets in Resources */ = {isa = PBXBuildFile; fileRef = 02CE142A2967415400D49551 /* Assets.xcassets */; };
		02CE142E2967415400D49551 /* Preview Assets.xcassets in Resources */ = {isa = PBXBuildFile; fileRef = 02CE142D2967415400D49551 /* Preview Assets.xcassets */; };
		02CE14382967415500D49551 /* MovieInfoTests.swift in Sources */ = {isa = PBXBuildFile; fileRef = 02CE14372967415500D49551 /* MovieInfoTests.swift */; };
		02CE14422967415500D49551 /* MovieInfoUITests.swift in Sources */ = {isa = PBXBuildFile; fileRef = 02CE14412967415500D49551 /* MovieInfoUITests.swift */; };
		02CE14442967415500D49551 /* MovieInfoUITestsLaunchTests.swift in Sources */ = {isa = PBXBuildFile; fileRef = 02CE14432967415500D49551 /* MovieInfoUITestsLaunchTests.swift */; };
		02CE1454296743ED00D49551 /* HomePage.swift in Sources */ = {isa = PBXBuildFile; fileRef = 02CE1453296743ED00D49551 /* HomePage.swift */; };
		02CE14562967441200D49551 /* DetailPage.swift in Sources */ = {isa = PBXBuildFile; fileRef = 02CE14552967441200D49551 /* DetailPage.swift */; };
		02CE145A296745DA00D49551 /* PostFetcher.swift in Sources */ = {isa = PBXBuildFile; fileRef = 02CE1459296745DA00D49551 /* PostFetcher.swift */; };
		02CE145C29674F8000D49551 /* ViewModel.swift in Sources */ = {isa = PBXBuildFile; fileRef = 02CE145B29674F8000D49551 /* ViewModel.swift */; };
		02F2BCDC296898FF00479CB2 /* Character.swift in Sources */ = {isa = PBXBuildFile; fileRef = 02F2BCDB296898FF00479CB2 /* Character.swift */; };
/* End PBXBuildFile section */

/* Begin PBXContainerItemProxy section */
		02CE14342967415500D49551 /* PBXContainerItemProxy */ = {
			isa = PBXContainerItemProxy;
			containerPortal = 02CE141B2967415300D49551 /* Project object */;
			proxyType = 1;
			remoteGlobalIDString = 02CE14222967415300D49551;
			remoteInfo = MovieInfo;
		};
		02CE143E2967415500D49551 /* PBXContainerItemProxy */ = {
			isa = PBXContainerItemProxy;
			containerPortal = 02CE141B2967415300D49551 /* Project object */;
			proxyType = 1;
			remoteGlobalIDString = 02CE14222967415300D49551;
			remoteInfo = MovieInfo;
		};
/* End PBXContainerItemProxy section */

/* Begin PBXFileReference section */
		02CE14232967415300D49551 /* MovieInfo.app */ = {isa = PBXFileReference; explicitFileType = wrapper.application; includeInIndex = 0; path = MovieInfo.app; sourceTree = BUILT_PRODUCTS_DIR; };
		02CE14262967415300D49551 /* MovieInfoApp.swift */ = {isa = PBXFileReference; lastKnownFileType = sourcecode.swift; path = MovieInfoApp.swift; sourceTree = "<group>"; };
		02CE14282967415300D49551 /* ContentView.swift */ = {isa = PBXFileReference; lastKnownFileType = sourcecode.swift; path = ContentView.swift; sourceTree = "<group>"; };
		02CE142A2967415400D49551 /* Assets.xcassets */ = {isa = PBXFileReference; lastKnownFileType = folder.assetcatalog; path = Assets.xcassets; sourceTree = "<group>"; };
		02CE142D2967415400D49551 /* Preview Assets.xcassets */ = {isa = PBXFileReference; lastKnownFileType = folder.assetcatalog; path = "Preview Assets.xcassets"; sourceTree = "<group>"; };
		02CE14332967415500D49551 /* MovieInfoTests.xctest */ = {isa = PBXFileReference; explicitFileType = wrapper.cfbundle; includeInIndex = 0; path = MovieInfoTests.xctest; sourceTree = BUILT_PRODUCTS_DIR; };
		02CE14372967415500D49551 /* MovieInfoTests.swift */ = {isa = PBXFileReference; lastKnownFileType = sourcecode.swift; path = MovieInfoTests.swift; sourceTree = "<group>"; };
		02CE143D2967415500D49551 /* MovieInfoUITests.xctest */ = {isa = PBXFileReference; explicitFileType = wrapper.cfbundle; includeInIndex = 0; path = MovieInfoUITests.xctest; sourceTree = BUILT_PRODUCTS_DIR; };
		02CE14412967415500D49551 /* MovieInfoUITests.swift */ = {isa = PBXFileReference; lastKnownFileType = sourcecode.swift; path = MovieInfoUITests.swift; sourceTree = "<group>"; };
		02CE14432967415500D49551 /* MovieInfoUITestsLaunchTests.swift */ = {isa = PBXFileReference; lastKnownFileType = sourcecode.swift; path = MovieInfoUITestsLaunchTests.swift; sourceTree = "<group>"; };
		02CE1453296743ED00D49551 /* HomePage.swift */ = {isa = PBXFileReference; lastKnownFileType = sourcecode.swift; path = HomePage.swift; sourceTree = "<group>"; };
		02CE14552967441200D49551 /* DetailPage.swift */ = {isa = PBXFileReference; lastKnownFileType = sourcecode.swift; path = DetailPage.swift; sourceTree = "<group>"; };
		02CE1459296745DA00D49551 /* PostFetcher.swift */ = {isa = PBXFileReference; lastKnownFileType = sourcecode.swift; path = PostFetcher.swift; sourceTree = "<group>"; };
		02CE145B29674F8000D49551 /* ViewModel.swift */ = {isa = PBXFileReference; lastKnownFileType = sourcecode.swift; path = ViewModel.swift; sourceTree = "<group>"; };
		02F2BCDB296898FF00479CB2 /* Character.swift */ = {isa = PBXFileReference; lastKnownFileType = sourcecode.swift; path = Character.swift; sourceTree = "<group>"; };
/* End PBXFileReference section */

/* Begin PBXFrameworksBuildPhase section */
		02CE14202967415300D49551 /* Frameworks */ = {
			isa = PBXFrameworksBuildPhase;
			buildActionMask = 2147483647;
			files = (
			);
			runOnlyForDeploymentPostprocessing = 0;
		};
		02CE14302967415500D49551 /* Frameworks */ = {
			isa = PBXFrameworksBuildPhase;
			buildActionMask = 2147483647;
			files = (
			);
			runOnlyForDeploymentPostprocessing = 0;
		};
		02CE143A2967415500D49551 /* Frameworks */ = {
			isa = PBXFrameworksBuildPhase;
			buildActionMask = 2147483647;
			files = (
			);
			runOnlyForDeploymentPostprocessing = 0;
		};
/* End PBXFrameworksBuildPhase section */

/* Begin PBXGroup section */
		02CE141A2967415300D49551 = {
			isa = PBXGroup;
			children = (
				02CE14252967415300D49551 /* MovieInfo */,
				02CE14362967415500D49551 /* MovieInfoTests */,
				02CE14402967415500D49551 /* MovieInfoUITests */,
				02CE14242967415300D49551 /* Products */,
			);
			sourceTree = "<group>";
		};
		02CE14242967415300D49551 /* Products */ = {
			isa = PBXGroup;
			children = (
				02CE14232967415300D49551 /* MovieInfo.app */,
				02CE14332967415500D49551 /* MovieInfoTests.xctest */,
				02CE143D2967415500D49551 /* MovieInfoUITests.xctest */,
			);
			name = Products;
			sourceTree = "<group>";
		};
		02CE14252967415300D49551 /* MovieInfo */ = {
			isa = PBXGroup;
			children = (
				02CE14522967418C00D49551 /* ViewModel */,
				02CE14512967417A00D49551 /* View */,
				02CE14502967416E00D49551 /* Model */,
				02CE14262967415300D49551 /* MovieInfoApp.swift */,
				02CE14282967415300D49551 /* ContentView.swift */,
				02CE142A2967415400D49551 /* Assets.xcassets */,
				02CE142C2967415400D49551 /* Preview Content */,
			);
			path = MovieInfo;
			sourceTree = "<group>";
		};
		02CE142C2967415400D49551 /* Preview Content */ = {
			isa = PBXGroup;
			children = (
				02CE142D2967415400D49551 /* Preview Assets.xcassets */,
			);
			path = "Preview Content";
			sourceTree = "<group>";
		};
		02CE14362967415500D49551 /* MovieInfoTests */ = {
			isa = PBXGroup;
			children = (
				02CE14372967415500D49551 /* MovieInfoTests.swift */,
			);
			path = MovieInfoTests;
			sourceTree = "<group>";
		};
		02CE14402967415500D49551 /* MovieInfoUITests */ = {
			isa = PBXGroup;
			children = (
				02CE14412967415500D49551 /* MovieInfoUITests.swift */,
				02CE14432967415500D49551 /* MovieInfoUITestsLaunchTests.swift */,
			);
			path = MovieInfoUITests;
			sourceTree = "<group>";
		};
		02CE14502967416E00D49551 /* Model */ = {
			isa = PBXGroup;
			children = (
				02CE1459296745DA00D49551 /* PostFetcher.swift */,
				02F2BCDB296898FF00479CB2 /* Character.swift */,
			);
			path = Model;
			sourceTree = "<group>";
		};
		02CE14512967417A00D49551 /* View */ = {
			isa = PBXGroup;
			children = (
				02CE1453296743ED00D49551 /* HomePage.swift */,
				02CE14552967441200D49551 /* DetailPage.swift */,
			);
			path = View;
			sourceTree = "<group>";
		};
		02CE14522967418C00D49551 /* ViewModel */ = {
			isa = PBXGroup;
			children = (
				02CE145B29674F8000D49551 /* ViewModel.swift */,
			);
			path = ViewModel;
			sourceTree = "<group>";
		};
/* End PBXGroup section */

/* Begin PBXNativeTarget section */
		02CE14222967415300D49551 /* MovieInfo */ = {
			isa = PBXNativeTarget;
			buildConfigurationList = 02CE14472967415500D49551 /* Build configuration list for PBXNativeTarget "MovieInfo" */;
			buildPhases = (
				02CE141F2967415300D49551 /* Sources */,
				02CE14202967415300D49551 /* Frameworks */,
				02CE14212967415300D49551 /* Resources */,
			);
			buildRules = (
			);
			dependencies = (
			);
			name = MovieInfo;
			productName = MovieInfo;
			productReference = 02CE14232967415300D49551 /* MovieInfo.app */;
			productType = "com.apple.product-type.application";
		};
		02CE14322967415500D49551 /* MovieInfoTests */ = {
			isa = PBXNativeTarget;
			buildConfigurationList = 02CE144A2967415500D49551 /* Build configuration list for PBXNativeTarget "MovieInfoTests" */;
			buildPhases = (
				02CE142F2967415500D49551 /* Sources */,
				02CE14302967415500D49551 /* Frameworks */,
				02CE14312967415500D49551 /* Resources */,
			);
			buildRules = (
			);
			dependencies = (
				02CE14352967415500D49551 /* PBXTargetDependency */,
			);
			name = MovieInfoTests;
			productName = MovieInfoTests;
			productReference = 02CE14332967415500D49551 /* MovieInfoTests.xctest */;
			productType = "com.apple.product-type.bundle.unit-test";
		};
		02CE143C2967415500D49551 /* MovieInfoUITests */ = {
			isa = PBXNativeTarget;
			buildConfigurationList = 02CE144D2967415500D49551 /* Build configuration list for PBXNativeTarget "MovieInfoUITests" */;
			buildPhases = (
				02CE14392967415500D49551 /* Sources */,
				02CE143A2967415500D49551 /* Frameworks */,
				02CE143B2967415500D49551 /* Resources */,
			);
			buildRules = (
			);
			dependencies = (
				02CE143F2967415500D49551 /* PBXTargetDependency */,
			);
			name = MovieInfoUITests;
			productName = MovieInfoUITests;
			productReference = 02CE143D2967415500D49551 /* MovieInfoUITests.xctest */;
			productType = "com.apple.product-type.bundle.ui-testing";
		};
/* End PBXNativeTarget section */

/* Begin PBXProject section */
		02CE141B2967415300D49551 /* Project object */ = {
			isa = PBXProject;
			attributes = {
				BuildIndependentTargetsInParallel = 1;
				LastSwiftUpdateCheck = 1420;
				LastUpgradeCheck = 1420;
				TargetAttributes = {
					02CE14222967415300D49551 = {
						CreatedOnToolsVersion = 14.2;
					};
					02CE14322967415500D49551 = {
						CreatedOnToolsVersion = 14.2;
						TestTargetID = 02CE14222967415300D49551;
					};
					02CE143C2967415500D49551 = {
						CreatedOnToolsVersion = 14.2;
						TestTargetID = 02CE14222967415300D49551;
					};
				};
			};
			buildConfigurationList = 02CE141E2967415300D49551 /* Build configuration list for PBXProject "MovieInfo" */;
			compatibilityVersion = "Xcode 14.0";
			developmentRegion = en;
			hasScannedForEncodings = 0;
			knownRegions = (
				en,
				Base,
			);
			mainGroup = 02CE141A2967415300D49551;
			productRefGroup = 02CE14242967415300D49551 /* Products */;
			projectDirPath = "";
			projectRoot = "";
			targets = (
				02CE14222967415300D49551 /* MovieInfo */,
				02CE14322967415500D49551 /* MovieInfoTests */,
				02CE143C2967415500D49551 /* MovieInfoUITests */,
			);
		};
/* End PBXProject section */

/* Begin PBXResourcesBuildPhase section */
		02CE14212967415300D49551 /* Resources */ = {
			isa = PBXResourcesBuildPhase;
			buildActionMask = 2147483647;
			files = (
				02CE142E2967415400D49551 /* Preview Assets.xcassets in Resources */,
				02CE142B2967415400D49551 /* Assets.xcassets in Resources */,
			);
			runOnlyForDeploymentPostprocessing = 0;
		};
		02CE14312967415500D49551 /* Resources */ = {
			isa = PBXResourcesBuildPhase;
			buildActionMask = 2147483647;
			files = (
			);
			runOnlyForDeploymentPostprocessing = 0;
		};
		02CE143B2967415500D49551 /* Resources */ = {
			isa = PBXResourcesBuildPhase;
			buildActionMask = 2147483647;
			files = (
			);
			runOnlyForDeploymentPostprocessing = 0;
		};
/* End PBXResourcesBuildPhase section */

/* Begin PBXSourcesBuildPhase section */
		02CE141F2967415300D49551 /* Sources */ = {
			isa = PBXSourcesBuildPhase;
			buildActionMask = 2147483647;
			files = (
				02CE14292967415300D49551 /* ContentView.swift in Sources */,
				02CE145A296745DA00D49551 /* PostFetcher.swift in Sources */,
				02CE1454296743ED00D49551 /* HomePage.swift in Sources */,
				02CE14272967415300D49551 /* MovieInfoApp.swift in Sources */,
				02CE14562967441200D49551 /* DetailPage.swift in Sources */,
				02CE145C29674F8000D49551 /* ViewModel.swift in Sources */,
				02F2BCDC296898FF00479CB2 /* Character.swift in Sources */,
			);
			runOnlyForDeploymentPostprocessing = 0;
		};
		02CE142F2967415500D49551 /* Sources */ = {
			isa = PBXSourcesBuildPhase;
			buildActionMask = 2147483647;
			files = (
				02CE14382967415500D49551 /* MovieInfoTests.swift in Sources */,
			);
			runOnlyForDeploymentPostprocessing = 0;
		};
		02CE14392967415500D49551 /* Sources */ = {
			isa = PBXSourcesBuildPhase;
			buildActionMask = 2147483647;
			files = (
				02CE14422967415500D49551 /* MovieInfoUITests.swift in Sources */,
				02CE14442967415500D49551 /* MovieInfoUITestsLaunchTests.swift in Sources */,
			);
			runOnlyForDeploymentPostprocessing = 0;
		};
/* End PBXSourcesBuildPhase section */

/* Begin PBXTargetDependency section */
		02CE14352967415500D49551 /* PBXTargetDependency */ = {
			isa = PBXTargetDependency;
			target = 02CE14222967415300D49551 /* MovieInfo */;
			targetProxy = 02CE14342967415500D49551 /* PBXContainerItemProxy */;
		};
		02CE143F2967415500D49551 /* PBXTargetDependency */ = {
			isa = PBXTargetDependency;
			target = 02CE14222967415300D49551 /* MovieInfo */;
			targetProxy = 02CE143E2967415500D49551 /* PBXContainerItemProxy */;
		};
/* End PBXTargetDependency section */

/* Begin XCBuildConfiguration section */
		02CE14452967415500D49551 /* Debug */ = {
			isa = XCBuildConfiguration;
			buildSettings = {
				ALWAYS_SEARCH_USER_PATHS = NO;
				CLANG_ANALYZER_NONNULL = YES;
				CLANG_ANALYZER_NUMBER_OBJECT_CONVERSION = YES_AGGRESSIVE;
				CLANG_CXX_LANGUAGE_STANDARD = "gnu++20";
				CLANG_ENABLE_MODULES = YES;
				CLANG_ENABLE_OBJC_ARC = YES;
				CLANG_ENABLE_OBJC_WEAK = YES;
				CLANG_WARN_BLOCK_CAPTURE_AUTORELEASING = YES;
				CLANG_WARN_BOOL_CONVERSION = YES;
				CLANG_WARN_COMMA = YES;
				CLANG_WARN_CONSTANT_CONVERSION = YES;
				CLANG_WARN_DEPRECATED_OBJC_IMPLEMENTATIONS = YES;
				CLANG_WARN_DIRECT_OBJC_ISA_USAGE = YES_ERROR;
				CLANG_WARN_DOCUMENTATION_COMMENTS = YES;
				CLANG_WARN_EMPTY_BODY = YES;
				CLANG_WARN_ENUM_CONVERSION = YES;
				CLANG_WARN_INFINITE_RECURSION = YES;
				CLANG_WARN_INT_CONVERSION = YES;
				CLANG_WARN_NON_LITERAL_NULL_CONVERSION = YES;
				CLANG_WARN_OBJC_IMPLICIT_RETAIN_SELF = YES;
				CLANG_WARN_OBJC_LITERAL_CONVERSION = YES;
				CLANG_WARN_OBJC_ROOT_CLASS = YES_ERROR;
				CLANG_WARN_QUOTED_INCLUDE_IN_FRAMEWORK_HEADER = YES;
				CLANG_WARN_RANGE_LOOP_ANALYSIS = YES;
				CLANG_WARN_STRICT_PROTOTYPES = YES;
				CLANG_WARN_SUSPICIOUS_MOVE = YES;
				CLANG_WARN_UNGUARDED_AVAILABILITY = YES_AGGRESSIVE;
				CLANG_WARN_UNREACHABLE_CODE = YES;
				CLANG_WARN__DUPLICATE_METHOD_MATCH = YES;
				COPY_PHASE_STRIP = NO;
				DEBUG_INFORMATION_FORMAT = dwarf;
				ENABLE_STRICT_OBJC_MSGSEND = YES;
				ENABLE_TESTABILITY = YES;
				GCC_C_LANGUAGE_STANDARD = gnu11;
				GCC_DYNAMIC_NO_PIC = NO;
				GCC_NO_COMMON_BLOCKS = YES;
				GCC_OPTIMIZATION_LEVEL = 0;
				GCC_PREPROCESSOR_DEFINITIONS = (
					"DEBUG=1",
					"$(inherited)",
				);
				GCC_WARN_64_TO_32_BIT_CONVERSION = YES;
				GCC_WARN_ABOUT_RETURN_TYPE = YES_ERROR;
				GCC_WARN_UNDECLARED_SELECTOR = YES;
				GCC_WARN_UNINITIALIZED_AUTOS = YES_AGGRESSIVE;
				GCC_WARN_UNUSED_FUNCTION = YES;
				GCC_WARN_UNUSED_VARIABLE = YES;
				IPHONEOS_DEPLOYMENT_TARGET = 16.2;
				MTL_ENABLE_DEBUG_INFO = INCLUDE_SOURCE;
				MTL_FAST_MATH = YES;
				ONLY_ACTIVE_ARCH = YES;
				SDKROOT = iphoneos;
				SWIFT_ACTIVE_COMPILATION_CONDITIONS = DEBUG;
				SWIFT_OPTIMIZATION_LEVEL = "-Onone";
			};
			name = Debug;
		};
		02CE14462967415500D49551 /* Release */ = {
			isa = XCBuildConfiguration;
			buildSettings = {
				ALWAYS_SEARCH_USER_PATHS = NO;
				CLANG_ANALYZER_NONNULL = YES;
				CLANG_ANALYZER_NUMBER_OBJECT_CONVERSION = YES_AGGRESSIVE;
				CLANG_CXX_LANGUAGE_STANDARD = "gnu++20";
				CLANG_ENABLE_MODULES = YES;
				CLANG_ENABLE_OBJC_ARC = YES;
				CLANG_ENABLE_OBJC_WEAK = YES;
				CLANG_WARN_BLOCK_CAPTURE_AUTORELEASING = YES;
				CLANG_WARN_BOOL_CONVERSION = YES;
				CLANG_WARN_COMMA = YES;
				CLANG_WARN_CONSTANT_CONVERSION = YES;
				CLANG_WARN_DEPRECATED_OBJC_IMPLEMENTATIONS = YES;
				CLANG_WARN_DIRECT_OBJC_ISA_USAGE = YES_ERROR;
				CLANG_WARN_DOCUMENTATION_COMMENTS = YES;
				CLANG_WARN_EMPTY_BODY = YES;
				CLANG_WARN_ENUM_CONVERSION = YES;
				CLANG_WARN_INFINITE_RECURSION = YES;
				CLANG_WARN_INT_CONVERSION = YES;
				CLANG_WARN_NON_LITERAL_NULL_CONVERSION = YES;
				CLANG_WARN_OBJC_IMPLICIT_RETAIN_SELF = YES;
				CLANG_WARN_OBJC_LITERAL_CONVERSION = YES;
				CLANG_WARN_OBJC_ROOT_CLASS = YES_ERROR;
				CLANG_WARN_QUOTED_INCLUDE_IN_FRAMEWORK_HEADER = YES;
				CLANG_WARN_RANGE_LOOP_ANALYSIS = YES;
				CLANG_WARN_STRICT_PROTOTYPES = YES;
				CLANG_WARN_SUSPICIOUS_MOVE = YES;
				CLANG_WARN_UNGUARDED_AVAILABILITY = YES_AGGRESSIVE;
				CLANG_WARN_UNREACHABLE_CODE = YES;
				CLANG_WARN__DUPLICATE_METHOD_MATCH = YES;
				COPY_PHASE_STRIP = NO;
				DEBUG_INFORMATION_FORMAT = "dwarf-with-dsym";
				ENABLE_NS_ASSERTIONS = NO;
				ENABLE_STRICT_OBJC_MSGSEND = YES;
				GCC_C_LANGUAGE_STANDARD = gnu11;
				GCC_NO_COMMON_BLOCKS = YES;
				GCC_WARN_64_TO_32_BIT_CONVERSION = YES;
				GCC_WARN_ABOUT_RETURN_TYPE = YES_ERROR;
				GCC_WARN_UNDECLARED_SELECTOR = YES;
				GCC_WARN_UNINITIALIZED_AUTOS = YES_AGGRESSIVE;
				GCC_WARN_UNUSED_FUNCTION = YES;
				GCC_WARN_UNUSED_VARIABLE = YES;
				IPHONEOS_DEPLOYMENT_TARGET = 16.2;
				MTL_ENABLE_DEBUG_INFO = NO;
				MTL_FAST_MATH = YES;
				SDKROOT = iphoneos;
				SWIFT_COMPILATION_MODE = wholemodule;
				SWIFT_OPTIMIZATION_LEVEL = "-O";
				VALIDATE_PRODUCT = YES;
			};
			name = Release;
		};
		02CE14482967415500D49551 /* Debug */ = {
			isa = XCBuildConfiguration;
			buildSettings = {
				ASSETCATALOG_COMPILER_APPICON_NAME = AppIcon;
				ASSETCATALOG_COMPILER_GLOBAL_ACCENT_COLOR_NAME = AccentColor;
				CODE_SIGN_STYLE = Automatic;
				CURRENT_PROJECT_VERSION = 1;
				DEVELOPMENT_ASSET_PATHS = "\"MovieInfo/Preview Content\"";
				ENABLE_PREVIEWS = YES;
				GENERATE_INFOPLIST_FILE = YES;
				INFOPLIST_KEY_UIApplicationSceneManifest_Generation = YES;
				INFOPLIST_KEY_UIApplicationSupportsIndirectInputEvents = YES;
				INFOPLIST_KEY_UILaunchScreen_Generation = YES;
				INFOPLIST_KEY_UISupportedInterfaceOrientations_iPad = "UIInterfaceOrientationPortrait UIInterfaceOrientationPortraitUpsideDown UIInterfaceOrientationLandscapeLeft UIInterfaceOrientationLandscapeRight";
				INFOPLIST_KEY_UISupportedInterfaceOrientations_iPhone = "UIInterfaceOrientationPortrait UIInterfaceOrientationLandscapeLeft UIInterfaceOrientationLandscapeRight";
				LD_RUNPATH_SEARCH_PATHS = (
					"$(inherited)",
					"@executable_path/Frameworks",
				);
				MARKETING_VERSION = 1.0;
				PRODUCT_BUNDLE_IDENTIFIER = com.enhanceIT.MovieInfo;
				PRODUCT_NAME = "$(TARGET_NAME)";
				SWIFT_EMIT_LOC_STRINGS = YES;
				SWIFT_VERSION = 5.0;
				TARGETED_DEVICE_FAMILY = "1,2";
			};
			name = Debug;
		};
		02CE14492967415500D49551 /* Release */ = {
			isa = XCBuildConfiguration;
			buildSettings = {
				ASSETCATALOG_COMPILER_APPICON_NAME = AppIcon;
				ASSETCATALOG_COMPILER_GLOBAL_ACCENT_COLOR_NAME = AccentColor;
				CODE_SIGN_STYLE = Automatic;
				CURRENT_PROJECT_VERSION = 1;
				DEVELOPMENT_ASSET_PATHS = "\"MovieInfo/Preview Content\"";
				ENABLE_PREVIEWS = YES;
				GENERATE_INFOPLIST_FILE = YES;
				INFOPLIST_KEY_UIApplicationSceneManifest_Generation = YES;
				INFOPLIST_KEY_UIApplicationSupportsIndirectInputEvents = YES;
				INFOPLIST_KEY_UILaunchScreen_Generation = YES;
				INFOPLIST_KEY_UISupportedInterfaceOrientations_iPad = "UIInterfaceOrientationPortrait UIInterfaceOrientationPortraitUpsideDown UIInterfaceOrientationLandscapeLeft UIInterfaceOrientationLandscapeRight";
				INFOPLIST_KEY_UISupportedInterfaceOrientations_iPhone = "UIInterfaceOrientationPortrait UIInterfaceOrientationLandscapeLeft UIInterfaceOrientationLandscapeRight";
				LD_RUNPATH_SEARCH_PATHS = (
					"$(inherited)",
					"@executable_path/Frameworks",
				);
				MARKETING_VERSION = 1.0;
				PRODUCT_BUNDLE_IDENTIFIER = com.enhanceIT.MovieInfo;
				PRODUCT_NAME = "$(TARGET_NAME)";
				SWIFT_EMIT_LOC_STRINGS = YES;
				SWIFT_VERSION = 5.0;
				TARGETED_DEVICE_FAMILY = "1,2";
			};
			name = Release;
		};
		02CE144B2967415500D49551 /* Debug */ = {
			isa = XCBuildConfiguration;
			buildSettings = {
				ALWAYS_EMBED_SWIFT_STANDARD_LIBRARIES = YES;
				BUNDLE_LOADER = "$(TEST_HOST)";
				CODE_SIGN_STYLE = Automatic;
				CURRENT_PROJECT_VERSION = 1;
				GENERATE_INFOPLIST_FILE = YES;
				IPHONEOS_DEPLOYMENT_TARGET = 16.2;
				MARKETING_VERSION = 1.0;
				PRODUCT_BUNDLE_IDENTIFIER = com.enhanceIT.MovieInfoTests;
				PRODUCT_NAME = "$(TARGET_NAME)";
				SWIFT_EMIT_LOC_STRINGS = NO;
				SWIFT_VERSION = 5.0;
				TARGETED_DEVICE_FAMILY = "1,2";
				TEST_HOST = "$(BUILT_PRODUCTS_DIR)/MovieInfo.app/$(BUNDLE_EXECUTABLE_FOLDER_PATH)/MovieInfo";
			};
			name = Debug;
		};
		02CE144C2967415500D49551 /* Release */ = {
			isa = XCBuildConfiguration;
			buildSettings = {
				ALWAYS_EMBED_SWIFT_STANDARD_LIBRARIES = YES;
				BUNDLE_LOADER = "$(TEST_HOST)";
				CODE_SIGN_STYLE = Automatic;
				CURRENT_PROJECT_VERSION = 1;
				GENERATE_INFOPLIST_FILE = YES;
				IPHONEOS_DEPLOYMENT_TARGET = 16.2;
				MARKETING_VERSION = 1.0;
				PRODUCT_BUNDLE_IDENTIFIER = com.enhanceIT.MovieInfoTests;
				PRODUCT_NAME = "$(TARGET_NAME)";
				SWIFT_EMIT_LOC_STRINGS = NO;
				SWIFT_VERSION = 5.0;
				TARGETED_DEVICE_FAMILY = "1,2";
				TEST_HOST = "$(BUILT_PRODUCTS_DIR)/MovieInfo.app/$(BUNDLE_EXECUTABLE_FOLDER_PATH)/MovieInfo";
			};
			name = Release;
		};
		02CE144E2967415500D49551 /* Debug */ = {
			isa = XCBuildConfiguration;
			buildSettings = {
				ALWAYS_EMBED_SWIFT_STANDARD_LIBRARIES = YES;
				CODE_SIGN_STYLE = Automatic;
				CURRENT_PROJECT_VERSION = 1;
				GENERATE_INFOPLIST_FILE = YES;
				MARKETING_VERSION = 1.0;
				PRODUCT_BUNDLE_IDENTIFIER = com.enhanceIT.MovieInfoUITests;
				PRODUCT_NAME = "$(TARGET_NAME)";
				SWIFT_EMIT_LOC_STRINGS = NO;
				SWIFT_VERSION = 5.0;
				TARGETED_DEVICE_FAMILY = "1,2";
				TEST_TARGET_NAME = MovieInfo;
			};
			name = Debug;
		};
		02CE144F2967415500D49551 /* Release */ = {
			isa = XCBuildConfiguration;
			buildSettings = {
				ALWAYS_EMBED_SWIFT_STANDARD_LIBRARIES = YES;
				CODE_SIGN_STYLE = Automatic;
				CURRENT_PROJECT_VERSION = 1;
				GENERATE_INFOPLIST_FILE = YES;
				MARKETING_VERSION = 1.0;
				PRODUCT_BUNDLE_IDENTIFIER = com.enhanceIT.MovieInfoUITests;
				PRODUCT_NAME = "$(TARGET_NAME)";
				SWIFT_EMIT_LOC_STRINGS = NO;
				SWIFT_VERSION = 5.0;
				TARGETED_DEVICE_FAMILY = "1,2";
				TEST_TARGET_NAME = MovieInfo;
			};
			name = Release;
		};
/* End XCBuildConfiguration section */

/* Begin XCConfigurationList section */
		02CE141E2967415300D49551 /* Build configuration list for PBXProject "MovieInfo" */ = {
			isa = XCConfigurationList;
			buildConfigurations = (
				02CE14452967415500D49551 /* Debug */,
				02CE14462967415500D49551 /* Release */,
			);
			defaultConfigurationIsVisible = 0;
			defaultConfigurationName = Release;
		};
		02CE14472967415500D49551 /* Build configuration list for PBXNativeTarget "MovieInfo" */ = {
			isa = XCConfigurationList;
			buildConfigurations = (
				02CE14482967415500D49551 /* Debug */,
				02CE14492967415500D49551 /* Release */,
			);
			defaultConfigurationIsVisible = 0;
			defaultConfigurationName = Release;
		};
		02CE144A2967415500D49551 /* Build configuration list for PBXNativeTarget "MovieInfoTests" */ = {
			isa = XCConfigurationList;
			buildConfigurations = (
				02CE144B2967415500D49551 /* Debug */,
				02CE144C2967415500D49551 /* Release */,
			);
			defaultConfigurationIsVisible = 0;
			defaultConfigurationName = Release;
		};
		02CE144D2967415500D49551 /* Build configuration list for PBXNativeTarget "MovieInfoUITests" */ = {
			isa = XCConfigurationList;
			buildConfigurations = (
				02CE144E2967415500D49551 /* Debug */,
				02CE144F2967415500D49551 /* Release */,
			);
			defaultConfigurationIsVisible = 0;
			defaultConfigurationName = Release;
		};
/* End XCConfigurationList section */
	};
	rootObject = 02CE141B2967415300D49551 /* Project object */;
}
